{
  "version": "3",
  "packages": {
    "specifiers": {
      "jsr:@std/assert@^1.0.5": "jsr:@std/assert@1.0.5",
      "jsr:@std/expect": "jsr:@std/expect@1.0.3",
      "jsr:@std/internal@^1.0.3": "jsr:@std/internal@1.0.3"
    },
    "jsr": {
      "@std/assert@1.0.5": {
        "integrity": "e37da8e4033490ce613eec4ac1d78dba1faf5b02a3f6c573a28f15365b9b440f",
        "dependencies": [
          "jsr:@std/internal@^1.0.3"
        ]
      },
      "@std/expect@1.0.3": {
        "integrity": "d9cbd03323ef7feafd1e969ed85d5edb04ebbd9937b0fe7a52d5ff53be8e913a",
        "dependencies": [
          "jsr:@std/assert@^1.0.5",
          "jsr:@std/internal@^1.0.3"
        ]
      },
      "@std/internal@1.0.3": {
        "integrity": "208e9b94a3d5649bd880e9ca38b885ab7651ab5b5303a56ed25de4755fb7b11e"
      }
    }
  },
  "remote": {
    "https://raw.githubusercontent.com/temannin/actions-dsl/main/RunnerTypes.ts": "727747110e56aa125950b9108056153edcd01408989d1cc3627defe07af51fe8",
    "https://raw.githubusercontent.com/temannin/actions-dsl/main/Workflow.ts": "3c0af0bae015f89cfd437d4209c1ac97a2ef172594ed73bc7c32922afd5c9632",
    "https://raw.githubusercontent.com/temannin/actions-dsl/main/actions/%20deno/setup-deno.ts": "3bd4a9436aa02f785a25fb21022189439c62f411ff674646c9c3a2acf7d9ef9a",
    "https://raw.githubusercontent.com/temannin/actions-dsl/main/actions/github/checkout.ts": "7a6afaa3e47e98bea354dcefa2b6e5a8ea525ee47767491a8e0c2dfa3b955ec8",
    "https://raw.githubusercontent.com/temannin/actions-dsl/main/actions/github/mod.ts": "5aa58807ae4f32c699451d02b659f6d99041cb2477fd569aec9fca694540884c",
    "https://raw.githubusercontent.com/temannin/actions-dsl/main/actions/github/setup-node.ts": "88375c7ce52ade1a7158a6e656ae9c78473f6cffc9c82c499e1a137e308d3d81",
    "https://raw.githubusercontent.com/temannin/actions-dsl/main/actions/mod.ts": "0f0461802c19b309deea5890dcbe771c4c37923ea852802696423c01ecf9d260",
    "https://raw.githubusercontent.com/temannin/actions-dsl/main/github/mod.ts": "002a78204cc90193e101f446a355d82242b53fd9a824be2390a6c3c14c091b89",
    "https://raw.githubusercontent.com/temannin/actions-dsl/main/github/permissions.ts": "cc863724825ce38236c08908b9cecade3eebc3843686d9b6cd920363d3ffde2b",
    "https://raw.githubusercontent.com/temannin/actions-dsl/main/github/variables.ts": "6fc4928e33899dfa8ed228feed22ebf45b292eb2226c10c0ea8ab34f2e676f40",
    "https://raw.githubusercontent.com/temannin/actions-dsl/main/mod.ts": "45efda3ea7c82e1b46a3e3100bb8b5ed5c50d125fac708ba51892408694d4d97",
    "https://raw.githubusercontent.com/temannin/actions-dsl/main/triggers/ITrigger.ts": "ae1fc33bff4bbbbae16f0b2cc782d6a3a8a7e3369f651ecf71924bd8d5d555f7",
    "https://raw.githubusercontent.com/temannin/actions-dsl/main/triggers/mod.ts": "9fd345b0a50cbe42a411afc58eddb9adc6e804d2563dd02ce0c2ce5bfa89cad5",
    "https://raw.githubusercontent.com/temannin/actions-dsl/main/triggers/pr.ts": "ad5d2f01a773e71d1f1bab21a6ba5c2074883fbe70ff5d78695a094584a9ab0e",
    "https://raw.githubusercontent.com/temannin/actions-dsl/main/triggers/push.ts": "55746441193adc096c68fa5b6c4ccdac3a7748814decd08d1cd5350e43d7a818",
    "https://raw.githubusercontent.com/temannin/actions-dsl/main/utils/SingularOrArray.ts": "1f1e27aa8bdccf42f0c615e3cc157907febe4a113998b623d73c34840c4573c3",
    "https://raw.githubusercontent.com/temannin/actions-dsl/main/utils/Writer.ts": "7eabf4bae276c09461b2e72a5d2dd1703996daa3dff297788e1bed00ef6e3273",
    "https://raw.githubusercontent.com/temannin/actions-dsl/main/utils/helpers.ts": "115f62501f8fab108568c5fb0b55fc8aab686e388106c15c819f7ed7a50b6117"
  }
}
